github.com/RitaHC/Algorithm-Practice v0.0.0-20240217010707-274b85f6dd32 h1:o+HIjA8SDDQussrLCu6cWLotletIEUZ2hP8JXMni7cc=
github.com/RitaHC/Algorithm-Practice v0.0.0-20240217010707-274b85f6dd32/go.mod h1:WqEriaHDcq6qDc/QSYK/vu0+1XgnwB/8qD27P3JZ8nA=
github.com/RitaHC/mystrings v0.0.0-20240217005508-6c989240d451 h1:oQYfEE3eOjof6Pdn8cPzqCxMwVud146SXn2QUo/TO48=
github.com/RitaHC/mystrings v0.0.0-20240217005508-6c989240d451/go.mod h1:hReUmnL3m3VaOowWU0f2wISUrS5VF3A/NXlTxv6cIpI=
github.com/RitaHC/mystrings v0.0.0-20240217012800-8fb13015d22b h1:SEWAPWKxMHyPAwsmuoNj+jJJ+oObN5vz+k4QTUBosRQ=
github.com/RitaHC/mystrings v0.0.0-20240217012800-8fb13015d22b/go.mod h1:hReUmnL3m3VaOowWU0f2wISUrS5VF3A/NXlTxv6cIpI=
